
Microsoft Visual Studio Solution File, Format Version 12.00
# Visual Studio Version 17
VisualStudioVersion = 17.1.32421.90
MinimumVisualStudioVersion = 10.0.40219.1
Project("{FAE04EC0-301F-11D3-BF4B-00C04F79EFBC}") = "Exericicio1", "Exericicio1\Exericicio1.csproj", "{0C425A39-FDBD-4E78-BE3A-21515FD72445}"
EndProject
Global
	GlobalSection(SolutionConfigurationPlatforms) = preSolution
		Debug|Any CPU = Debug|Any CPU
		Release|Any CPU = Release|Any CPU
	EndGlobalSection
	GlobalSection(ProjectConfigurationPlatforms) = postSolution
		{0C425A39-FDBD-4E78-BE3A-21515FD72445}.Debug|Any CPU.ActiveCfg = Debug|Any CPU
		{0C425A39-FDBD-4E78-BE3A-21515FD72445}.Debug|Any CPU.Build.0 = Debug|Any CPU
		{0C425A39-FDBD-4E78-BE3A-21515FD72445}.Release|Any CPU.ActiveCfg = Release|Any CPU
		{0C425A39-FDBD-4E78-BE3A-21515FD72445}.Release|Any CPU.Build.0 = Release|Any CPU
	EndGlobalSection
	GlobalSection(SolutionProperties) = preSolution
		HideSolutionNode = FALSE
	EndGlobalSection
	GlobalSection(ExtensibilityGlobals) = postSolution
		SolutionGuid = {1E7ECC5C-DB53-4382-9B16-A96136735736}
	EndGlobalSection
EndGlobal
