
Microsoft Visual Studio Solution File, Format Version 12.00
# Visual Studio Version 17
VisualStudioVersion = 17.1.32421.90
MinimumVisualStudioVersion = 10.0.40219.1
Project("{FAE04EC0-301F-11D3-BF4B-00C04F79EFBC}") = "Exercicio12.1", "Exercicio12.1\Exercicio12.1.csproj", "{72E55AE6-DFA9-4734-8891-25064F760BB3}"
EndProject
Global
	GlobalSection(SolutionConfigurationPlatforms) = preSolution
		Debug|Any CPU = Debug|Any CPU
		Release|Any CPU = Release|Any CPU
	EndGlobalSection
	GlobalSection(ProjectConfigurationPlatforms) = postSolution
		{72E55AE6-DFA9-4734-8891-25064F760BB3}.Debug|Any CPU.ActiveCfg = Debug|Any CPU
		{72E55AE6-DFA9-4734-8891-25064F760BB3}.Debug|Any CPU.Build.0 = Debug|Any CPU
		{72E55AE6-DFA9-4734-8891-25064F760BB3}.Release|Any CPU.ActiveCfg = Release|Any CPU
		{72E55AE6-DFA9-4734-8891-25064F760BB3}.Release|Any CPU.Build.0 = Release|Any CPU
	EndGlobalSection
	GlobalSection(SolutionProperties) = preSolution
		HideSolutionNode = FALSE
	EndGlobalSection
	GlobalSection(ExtensibilityGlobals) = postSolution
		SolutionGuid = {2DDFA0E6-0F58-4A9D-A140-D7963AD6E5B4}
	EndGlobalSection
EndGlobal
