
Microsoft Visual Studio Solution File, Format Version 12.00
# Visual Studio Version 17
VisualStudioVersion = 17.1.32421.90
MinimumVisualStudioVersion = 10.0.40219.1
Project("{FAE04EC0-301F-11D3-BF4B-00C04F79EFBC}") = "Aula2", "Aula2\Aula2.csproj", "{CF0CB77B-C305-4F80-9A4C-9586746A489E}"
EndProject
Global
	GlobalSection(SolutionConfigurationPlatforms) = preSolution
		Debug|Any CPU = Debug|Any CPU
		Release|Any CPU = Release|Any CPU
	EndGlobalSection
	GlobalSection(ProjectConfigurationPlatforms) = postSolution
		{CF0CB77B-C305-4F80-9A4C-9586746A489E}.Debug|Any CPU.ActiveCfg = Debug|Any CPU
		{CF0CB77B-C305-4F80-9A4C-9586746A489E}.Debug|Any CPU.Build.0 = Debug|Any CPU
		{CF0CB77B-C305-4F80-9A4C-9586746A489E}.Release|Any CPU.ActiveCfg = Release|Any CPU
		{CF0CB77B-C305-4F80-9A4C-9586746A489E}.Release|Any CPU.Build.0 = Release|Any CPU
	EndGlobalSection
	GlobalSection(SolutionProperties) = preSolution
		HideSolutionNode = FALSE
	EndGlobalSection
	GlobalSection(ExtensibilityGlobals) = postSolution
		SolutionGuid = {89B10F6E-7513-48C5-BBDD-173BD6596C94}
	EndGlobalSection
EndGlobal
