
Microsoft Visual Studio Solution File, Format Version 12.00
# Visual Studio Version 17
VisualStudioVersion = 17.1.32421.90
MinimumVisualStudioVersion = 10.0.40219.1
Project("{FAE04EC0-301F-11D3-BF4B-00C04F79EFBC}") = "exemploEstruturaFor", "exemploEstruturaFor\exemploEstruturaFor.csproj", "{B862034B-0879-4289-AB6F-9D93E965C2C8}"
EndProject
Global
	GlobalSection(SolutionConfigurationPlatforms) = preSolution
		Debug|Any CPU = Debug|Any CPU
		Release|Any CPU = Release|Any CPU
	EndGlobalSection
	GlobalSection(ProjectConfigurationPlatforms) = postSolution
		{B862034B-0879-4289-AB6F-9D93E965C2C8}.Debug|Any CPU.ActiveCfg = Debug|Any CPU
		{B862034B-0879-4289-AB6F-9D93E965C2C8}.Debug|Any CPU.Build.0 = Debug|Any CPU
		{B862034B-0879-4289-AB6F-9D93E965C2C8}.Release|Any CPU.ActiveCfg = Release|Any CPU
		{B862034B-0879-4289-AB6F-9D93E965C2C8}.Release|Any CPU.Build.0 = Release|Any CPU
	EndGlobalSection
	GlobalSection(SolutionProperties) = preSolution
		HideSolutionNode = FALSE
	EndGlobalSection
	GlobalSection(ExtensibilityGlobals) = postSolution
		SolutionGuid = {0A3CF3C4-986E-4EED-8F81-1B9830447444}
	EndGlobalSection
EndGlobal
