
Microsoft Visual Studio Solution File, Format Version 12.00
# Visual Studio Version 17
VisualStudioVersion = 17.1.32421.90
MinimumVisualStudioVersion = 10.0.40219.1
Project("{FAE04EC0-301F-11D3-BF4B-00C04F79EFBC}") = "exercicio5", "exercicio5\exercicio5.csproj", "{940662D8-4058-4AF8-A088-150C699A1B04}"
EndProject
Global
	GlobalSection(SolutionConfigurationPlatforms) = preSolution
		Debug|Any CPU = Debug|Any CPU
		Release|Any CPU = Release|Any CPU
	EndGlobalSection
	GlobalSection(ProjectConfigurationPlatforms) = postSolution
		{940662D8-4058-4AF8-A088-150C699A1B04}.Debug|Any CPU.ActiveCfg = Debug|Any CPU
		{940662D8-4058-4AF8-A088-150C699A1B04}.Debug|Any CPU.Build.0 = Debug|Any CPU
		{940662D8-4058-4AF8-A088-150C699A1B04}.Release|Any CPU.ActiveCfg = Release|Any CPU
		{940662D8-4058-4AF8-A088-150C699A1B04}.Release|Any CPU.Build.0 = Release|Any CPU
	EndGlobalSection
	GlobalSection(SolutionProperties) = preSolution
		HideSolutionNode = FALSE
	EndGlobalSection
	GlobalSection(ExtensibilityGlobals) = postSolution
		SolutionGuid = {B87A3D45-2A64-4E28-A726-D78786F9F1F0}
	EndGlobalSection
EndGlobal
