
Microsoft Visual Studio Solution File, Format Version 12.00
# Visual Studio Version 17
VisualStudioVersion = 17.1.32421.90
MinimumVisualStudioVersion = 10.0.40219.1
Project("{FAE04EC0-301F-11D3-BF4B-00C04F79EFBC}") = "Exercicio20.1", "Exercicio20.1\Exercicio20.1.csproj", "{785D6237-FCBC-40C9-B700-96E7BD992186}"
EndProject
Global
	GlobalSection(SolutionConfigurationPlatforms) = preSolution
		Debug|Any CPU = Debug|Any CPU
		Release|Any CPU = Release|Any CPU
	EndGlobalSection
	GlobalSection(ProjectConfigurationPlatforms) = postSolution
		{785D6237-FCBC-40C9-B700-96E7BD992186}.Debug|Any CPU.ActiveCfg = Debug|Any CPU
		{785D6237-FCBC-40C9-B700-96E7BD992186}.Debug|Any CPU.Build.0 = Debug|Any CPU
		{785D6237-FCBC-40C9-B700-96E7BD992186}.Release|Any CPU.ActiveCfg = Release|Any CPU
		{785D6237-FCBC-40C9-B700-96E7BD992186}.Release|Any CPU.Build.0 = Release|Any CPU
	EndGlobalSection
	GlobalSection(SolutionProperties) = preSolution
		HideSolutionNode = FALSE
	EndGlobalSection
	GlobalSection(ExtensibilityGlobals) = postSolution
		SolutionGuid = {C2FFDAC0-F449-4927-B5DA-AB7C393C1FD5}
	EndGlobalSection
EndGlobal
