
Microsoft Visual Studio Solution File, Format Version 12.00
# Visual Studio Version 17
VisualStudioVersion = 17.2.32505.173
MinimumVisualStudioVersion = 10.0.40219.1
Project("{FAE04EC0-301F-11D3-BF4B-00C04F79EFBC}") = "exercicio14", "exercicio14\exercicio14.csproj", "{1AEBCF39-3A14-4240-B334-005E7F402BB1}"
EndProject
Global
	GlobalSection(SolutionConfigurationPlatforms) = preSolution
		Debug|Any CPU = Debug|Any CPU
		Release|Any CPU = Release|Any CPU
	EndGlobalSection
	GlobalSection(ProjectConfigurationPlatforms) = postSolution
		{1AEBCF39-3A14-4240-B334-005E7F402BB1}.Debug|Any CPU.ActiveCfg = Debug|Any CPU
		{1AEBCF39-3A14-4240-B334-005E7F402BB1}.Debug|Any CPU.Build.0 = Debug|Any CPU
		{1AEBCF39-3A14-4240-B334-005E7F402BB1}.Release|Any CPU.ActiveCfg = Release|Any CPU
		{1AEBCF39-3A14-4240-B334-005E7F402BB1}.Release|Any CPU.Build.0 = Release|Any CPU
	EndGlobalSection
	GlobalSection(SolutionProperties) = preSolution
		HideSolutionNode = FALSE
	EndGlobalSection
	GlobalSection(ExtensibilityGlobals) = postSolution
		SolutionGuid = {A5F177D2-CFB2-421D-AE63-24DA158A8BD0}
	EndGlobalSection
EndGlobal
