
Microsoft Visual Studio Solution File, Format Version 12.00
# Visual Studio Version 17
VisualStudioVersion = 17.2.32505.173
MinimumVisualStudioVersion = 10.0.40219.1
Project("{FAE04EC0-301F-11D3-BF4B-00C04F79EFBC}") = "exercicio2", "exercicio2\exercicio2.csproj", "{C2334F7B-D262-4B15-865D-48A2F62DE83A}"
EndProject
Global
	GlobalSection(SolutionConfigurationPlatforms) = preSolution
		Debug|Any CPU = Debug|Any CPU
		Release|Any CPU = Release|Any CPU
	EndGlobalSection
	GlobalSection(ProjectConfigurationPlatforms) = postSolution
		{C2334F7B-D262-4B15-865D-48A2F62DE83A}.Debug|Any CPU.ActiveCfg = Debug|Any CPU
		{C2334F7B-D262-4B15-865D-48A2F62DE83A}.Debug|Any CPU.Build.0 = Debug|Any CPU
		{C2334F7B-D262-4B15-865D-48A2F62DE83A}.Release|Any CPU.ActiveCfg = Release|Any CPU
		{C2334F7B-D262-4B15-865D-48A2F62DE83A}.Release|Any CPU.Build.0 = Release|Any CPU
	EndGlobalSection
	GlobalSection(SolutionProperties) = preSolution
		HideSolutionNode = FALSE
	EndGlobalSection
	GlobalSection(ExtensibilityGlobals) = postSolution
		SolutionGuid = {66E31BCD-9AAD-4B90-A732-7EB3FE1D6DA1}
	EndGlobalSection
EndGlobal
