
Microsoft Visual Studio Solution File, Format Version 12.00
# Visual Studio Version 17
VisualStudioVersion = 17.1.32421.90
MinimumVisualStudioVersion = 10.0.40219.1
Project("{FAE04EC0-301F-11D3-BF4B-00C04F79EFBC}") = "exercicio4", "exercicio4\exercicio4.csproj", "{7771E994-B8E5-450F-A01A-6EE33A768F13}"
EndProject
Global
	GlobalSection(SolutionConfigurationPlatforms) = preSolution
		Debug|Any CPU = Debug|Any CPU
		Release|Any CPU = Release|Any CPU
	EndGlobalSection
	GlobalSection(ProjectConfigurationPlatforms) = postSolution
		{7771E994-B8E5-450F-A01A-6EE33A768F13}.Debug|Any CPU.ActiveCfg = Debug|Any CPU
		{7771E994-B8E5-450F-A01A-6EE33A768F13}.Debug|Any CPU.Build.0 = Debug|Any CPU
		{7771E994-B8E5-450F-A01A-6EE33A768F13}.Release|Any CPU.ActiveCfg = Release|Any CPU
		{7771E994-B8E5-450F-A01A-6EE33A768F13}.Release|Any CPU.Build.0 = Release|Any CPU
	EndGlobalSection
	GlobalSection(SolutionProperties) = preSolution
		HideSolutionNode = FALSE
	EndGlobalSection
	GlobalSection(ExtensibilityGlobals) = postSolution
		SolutionGuid = {796558C1-D05D-49F2-8317-711CA49166B3}
	EndGlobalSection
EndGlobal
