
Microsoft Visual Studio Solution File, Format Version 12.00
# Visual Studio Version 17
VisualStudioVersion = 17.1.32421.90
MinimumVisualStudioVersion = 10.0.40219.1
Project("{FAE04EC0-301F-11D3-BF4B-00C04F79EFBC}") = "Exercicio9", "Exercicio9\Exercicio9.csproj", "{56553BA2-E75F-4B26-BA86-DC789BA6ECA1}"
EndProject
Global
	GlobalSection(SolutionConfigurationPlatforms) = preSolution
		Debug|Any CPU = Debug|Any CPU
		Release|Any CPU = Release|Any CPU
	EndGlobalSection
	GlobalSection(ProjectConfigurationPlatforms) = postSolution
		{56553BA2-E75F-4B26-BA86-DC789BA6ECA1}.Debug|Any CPU.ActiveCfg = Debug|Any CPU
		{56553BA2-E75F-4B26-BA86-DC789BA6ECA1}.Debug|Any CPU.Build.0 = Debug|Any CPU
		{56553BA2-E75F-4B26-BA86-DC789BA6ECA1}.Release|Any CPU.ActiveCfg = Release|Any CPU
		{56553BA2-E75F-4B26-BA86-DC789BA6ECA1}.Release|Any CPU.Build.0 = Release|Any CPU
	EndGlobalSection
	GlobalSection(SolutionProperties) = preSolution
		HideSolutionNode = FALSE
	EndGlobalSection
	GlobalSection(ExtensibilityGlobals) = postSolution
		SolutionGuid = {7C130BC6-16A4-4CB4-BD93-FD0D2E4C39C0}
	EndGlobalSection
EndGlobal
